
Microsoft Visual Studio Solution File, Format Version 12.00
# Visual Studio Version 16
VisualStudioVersion = 16.0.35130.168
MinimumVisualStudioVersion = 10.0.40219.1
Project("{FAE04EC0-301F-11D3-BF4B-00C04F79EFBC}") = "UI", "UI\UI.csproj", "{AFF94DDA-77E7-42AF-A602-FF404B4DA55F}"
EndProject
Project("{FAE04EC0-301F-11D3-BF4B-00C04F79EFBC}") = "Services", "Services\Services.csproj", "{5FA211BE-2D7E-49FD-867D-AE1147E03850}"
EndProject
Project("{FAE04EC0-301F-11D3-BF4B-00C04F79EFBC}") = "Domain", "Domain\Domain.csproj", "{FC002E47-485C-46EA-8468-DE10EE05EBF2}"
EndProject
Project("{FAE04EC0-301F-11D3-BF4B-00C04F79EFBC}") = "BLL", "BLL\BLL.csproj", "{7A7D85F6-5538-42D3-B7AC-14251AA6DC7C}"
EndProject
Project("{FAE04EC0-301F-11D3-BF4B-00C04F79EFBC}") = "DAL", "DAL\DAL.csproj", "{28D41A0D-396C-4A1D-9F91-9ADE289F7917}"
EndProject
Global
	GlobalSection(SolutionConfigurationPlatforms) = preSolution
		Debug|Any CPU = Debug|Any CPU
		Release|Any CPU = Release|Any CPU
	EndGlobalSection
	GlobalSection(ProjectConfigurationPlatforms) = postSolution
		{AFF94DDA-77E7-42AF-A602-FF404B4DA55F}.Debug|Any CPU.ActiveCfg = Debug|Any CPU
		{AFF94DDA-77E7-42AF-A602-FF404B4DA55F}.Debug|Any CPU.Build.0 = Debug|Any CPU
		{AFF94DDA-77E7-42AF-A602-FF404B4DA55F}.Release|Any CPU.ActiveCfg = Release|Any CPU
		{AFF94DDA-77E7-42AF-A602-FF404B4DA55F}.Release|Any CPU.Build.0 = Release|Any CPU
		{5FA211BE-2D7E-49FD-867D-AE1147E03850}.Debug|Any CPU.ActiveCfg = Debug|Any CPU
		{5FA211BE-2D7E-49FD-867D-AE1147E03850}.Debug|Any CPU.Build.0 = Debug|Any CPU
		{5FA211BE-2D7E-49FD-867D-AE1147E03850}.Release|Any CPU.ActiveCfg = Release|Any CPU
		{5FA211BE-2D7E-49FD-867D-AE1147E03850}.Release|Any CPU.Build.0 = Release|Any CPU
		{FC002E47-485C-46EA-8468-DE10EE05EBF2}.Debug|Any CPU.ActiveCfg = Debug|Any CPU
		{FC002E47-485C-46EA-8468-DE10EE05EBF2}.Debug|Any CPU.Build.0 = Debug|Any CPU
		{FC002E47-485C-46EA-8468-DE10EE05EBF2}.Release|Any CPU.ActiveCfg = Release|Any CPU
		{FC002E47-485C-46EA-8468-DE10EE05EBF2}.Release|Any CPU.Build.0 = Release|Any CPU
		{7A7D85F6-5538-42D3-B7AC-14251AA6DC7C}.Debug|Any CPU.ActiveCfg = Debug|Any CPU
		{7A7D85F6-5538-42D3-B7AC-14251AA6DC7C}.Debug|Any CPU.Build.0 = Debug|Any CPU
		{7A7D85F6-5538-42D3-B7AC-14251AA6DC7C}.Release|Any CPU.ActiveCfg = Release|Any CPU
		{7A7D85F6-5538-42D3-B7AC-14251AA6DC7C}.Release|Any CPU.Build.0 = Release|Any CPU
		{28D41A0D-396C-4A1D-9F91-9ADE289F7917}.Debug|Any CPU.ActiveCfg = Debug|Any CPU
		{28D41A0D-396C-4A1D-9F91-9ADE289F7917}.Debug|Any CPU.Build.0 = Debug|Any CPU
		{28D41A0D-396C-4A1D-9F91-9ADE289F7917}.Release|Any CPU.ActiveCfg = Release|Any CPU
		{28D41A0D-396C-4A1D-9F91-9ADE289F7917}.Release|Any CPU.Build.0 = Release|Any CPU
	EndGlobalSection
	GlobalSection(SolutionProperties) = preSolution
		HideSolutionNode = FALSE
	EndGlobalSection
	GlobalSection(ExtensibilityGlobals) = postSolution
		SolutionGuid = {6186F22A-A634-4472-B49A-F8831BE6DBB4}
	EndGlobalSection
EndGlobal
